
Microsoft Visual Studio Solution File, Format Version 12.00
# Visual Studio Version 17
VisualStudioVersion = 17.11.35303.130
MinimumVisualStudioVersion = 10.0.40219.1
Project("{FAE04EC0-301F-11D3-BF4B-00C04F79EFBC}") = "MaquinaDeCafe", "MaquinaDeCafe\MaquinaDeCafe.csproj", "{DE4035A9-1170-49D9-96F8-8F55D049EEBD}"
EndProject
Global
	GlobalSection(SolutionConfigurationPlatforms) = preSolution
		Debug|Any CPU = Debug|Any CPU
		Release|Any CPU = Release|Any CPU
	EndGlobalSection
	GlobalSection(ProjectConfigurationPlatforms) = postSolution
		{DE4035A9-1170-49D9-96F8-8F55D049EEBD}.Debug|Any CPU.ActiveCfg = Debug|Any CPU
		{DE4035A9-1170-49D9-96F8-8F55D049EEBD}.Debug|Any CPU.Build.0 = Debug|Any CPU
		{DE4035A9-1170-49D9-96F8-8F55D049EEBD}.Release|Any CPU.ActiveCfg = Release|Any CPU
		{DE4035A9-1170-49D9-96F8-8F55D049EEBD}.Release|Any CPU.Build.0 = Release|Any CPU
	EndGlobalSection
	GlobalSection(SolutionProperties) = preSolution
		HideSolutionNode = FALSE
	EndGlobalSection
	GlobalSection(ExtensibilityGlobals) = postSolution
		SolutionGuid = {DA2F57F8-7A97-4869-8A45-0619F6E925D9}
	EndGlobalSection
EndGlobal
